// !$*UTF8*$!
{
	archiveVersion = 1;
	classes = {
	};
	objectVersion = 77;
	objects = {

/* Begin PBXContainerItemProxy section */
		CD67404C2DBA3E1100FAB9A3 /* PBXContainerItemProxy */ = {
			isa = PBXContainerItemProxy;
			containerPortal = CD6740332DBA3E0F00FAB9A3 /* Project object */;
			proxyType = 1;
			remoteGlobalIDString = CD67403A2DBA3E0F00FAB9A3;
			remoteInfo = RahulDemo2;
		};
		CD6740562DBA3E1100FAB9A3 /* PBXContainerItemProxy */ = {
			isa = PBXContainerItemProxy;
			containerPortal = CD6740332DBA3E0F00FAB9A3 /* Project object */;
			proxyType = 1;
			remoteGlobalIDString = CD67403A2DBA3E0F00FAB9A3;
			remoteInfo = RahulDemo2;
		};
/* End PBXContainerItemProxy section */

/* Begin PBXFileReference section */
		CD67403B2DBA3E0F00FAB9A3 /* RahulDemo2.app */ = {isa = PBXFileReference; explicitFileType = wrapper.application; includeInIndex = 0; path = RahulDemo2.app; sourceTree = BUILT_PRODUCTS_DIR; };
		CD67404B2DBA3E1100FAB9A3 /* RahulDemo2Tests.xctest */ = {isa = PBXFileReference; explicitFileType = wrapper.cfbundle; includeInIndex = 0; path = RahulDemo2Tests.xctest; sourceTree = BUILT_PRODUCTS_DIR; };
		CD6740552DBA3E1100FAB9A3 /* RahulDemo2UITests.xctest */ = {isa = PBXFileReference; explicitFileType = wrapper.cfbundle; includeInIndex = 0; path = RahulDemo2UITests.xctest; sourceTree = BUILT_PRODUCTS_DIR; };
/* End PBXFileReference section */

/* Begin PBXFileSystemSynchronizedRootGroup section */
		CD67403D2DBA3E0F00FAB9A3 /* RahulDemo2 */ = {
			isa = PBXFileSystemSynchronizedRootGroup;
			path = RahulDemo2;
			sourceTree = "<group>";
		};
		CD67404E2DBA3E1100FAB9A3 /* RahulDemo2Tests */ = {
			isa = PBXFileSystemSynchronizedRootGroup;
			path = RahulDemo2Tests;
			sourceTree = "<group>";
		};
		CD6740582DBA3E1100FAB9A3 /* RahulDemo2UITests */ = {
			isa = PBXFileSystemSynchronizedRootGroup;
			path = RahulDemo2UITests;
			sourceTree = "<group>";
		};
/* End PBXFileSystemSynchronizedRootGroup section */

/* Begin PBXFrameworksBuildPhase section */
		CD6740382DBA3E0F00FAB9A3 /* Frameworks */ = {
			isa = PBXFrameworksBuildPhase;
			buildActionMask = 2147483647;
			files = (
			);
			runOnlyForDeploymentPostprocessing = 0;
		};
		CD6740482DBA3E1100FAB9A3 /* Frameworks */ = {
			isa = PBXFrameworksBuildPhase;
			buildActionMask = 2147483647;
			files = (
			);
			runOnlyForDeploymentPostprocessing = 0;
		};
		CD6740522DBA3E1100FAB9A3 /* Frameworks */ = {
			isa = PBXFrameworksBuildPhase;
			buildActionMask = 2147483647;
			files = (
			);
			runOnlyForDeploymentPostprocessing = 0;
		};
/* End PBXFrameworksBuildPhase section */

/* Begin PBXGroup section */
		CD6740322DBA3E0F00FAB9A3 = {
			isa = PBXGroup;
			children = (
				CD67403D2DBA3E0F00FAB9A3 /* RahulDemo2 */,
				CD67404E2DBA3E1100FAB9A3 /* RahulDemo2Tests */,
				CD6740582DBA3E1100FAB9A3 /* RahulDemo2UITests */,
				CD67403C2DBA3E0F00FAB9A3 /* Products */,
			);
			sourceTree = "<group>";
		};
		CD67403C2DBA3E0F00FAB9A3 /* Products */ = {
			isa = PBXGroup;
			children = (
				CD67403B2DBA3E0F00FAB9A3 /* RahulDemo2.app */,
				CD67404B2DBA3E1100FAB9A3 /* RahulDemo2Tests.xctest */,
				CD6740552DBA3E1100FAB9A3 /* RahulDemo2UITests.xctest */,
			);
			name = Products;
			sourceTree = "<group>";
		};
/* End PBXGroup section */

/* Begin PBXNativeTarget section */
		CD67403A2DBA3E0F00FAB9A3 /* RahulDemo2 */ = {
			isa = PBXNativeTarget;
			buildConfigurationList = CD67405F2DBA3E1100FAB9A3 /* Build configuration list for PBXNativeTarget "RahulDemo2" */;
			buildPhases = (
				CD6740372DBA3E0F00FAB9A3 /* Sources */,
				CD6740382DBA3E0F00FAB9A3 /* Frameworks */,
				CD6740392DBA3E0F00FAB9A3 /* Resources */,
			);
			buildRules = (
			);
			dependencies = (
			);
			fileSystemSynchronizedGroups = (
				CD67403D2DBA3E0F00FAB9A3 /* RahulDemo2 */,
			);
			name = RahulDemo2;
			packageProductDependencies = (
			);
			productName = RahulDemo2;
			productReference = CD67403B2DBA3E0F00FAB9A3 /* RahulDemo2.app */;
			productType = "com.apple.product-type.application";
		};
		CD67404A2DBA3E1100FAB9A3 /* RahulDemo2Tests */ = {
			isa = PBXNativeTarget;
			buildConfigurationList = CD6740622DBA3E1100FAB9A3 /* Build configuration list for PBXNativeTarget "RahulDemo2Tests" */;
			buildPhases = (
				CD6740472DBA3E1100FAB9A3 /* Sources */,
				CD6740482DBA3E1100FAB9A3 /* Frameworks */,
				CD6740492DBA3E1100FAB9A3 /* Resources */,
			);
			buildRules = (
			);
			dependencies = (
				CD67404D2DBA3E1100FAB9A3 /* PBXTargetDependency */,
			);
			fileSystemSynchronizedGroups = (
				CD67404E2DBA3E1100FAB9A3 /* RahulDemo2Tests */,
			);
			name = RahulDemo2Tests;
			packageProductDependencies = (
			);
			productName = RahulDemo2Tests;
			productReference = CD67404B2DBA3E1100FAB9A3 /* RahulDemo2Tests.xctest */;
			productType = "com.apple.product-type.bundle.unit-test";
		};
		CD6740542DBA3E1100FAB9A3 /* RahulDemo2UITests */ = {
			isa = PBXNativeTarget;
			buildConfigurationList = CD6740652DBA3E1100FAB9A3 /* Build configuration list for PBXNativeTarget "RahulDemo2UITests" */;
			buildPhases = (
				CD6740512DBA3E1100FAB9A3 /* Sources */,
				CD6740522DBA3E1100FAB9A3 /* Frameworks */,
				CD6740532DBA3E1100FAB9A3 /* Resources */,
			);
			buildRules = (
			);
			dependencies = (
				CD6740572DBA3E1100FAB9A3 /* PBXTargetDependency */,
			);
			fileSystemSynchronizedGroups = (
				CD6740582DBA3E1100FAB9A3 /* RahulDemo2UITests */,
			);
			name = RahulDemo2UITests;
			packageProductDependencies = (
			);
			productName = RahulDemo2UITests;
			productReference = CD6740552DBA3E1100FAB9A3 /* RahulDemo2UITests.xctest */;
			productType = "com.apple.product-type.bundle.ui-testing";
		};
/* End PBXNativeTarget section */

/* Begin PBXProject section */
		CD6740332DBA3E0F00FAB9A3 /* Project object */ = {
			isa = PBXProject;
			attributes = {
				BuildIndependentTargetsInParallel = 1;
				LastSwiftUpdateCheck = 1600;
				LastUpgradeCheck = 1600;
				TargetAttributes = {
					CD67403A2DBA3E0F00FAB9A3 = {
						CreatedOnToolsVersion = 16.0;
					};
					CD67404A2DBA3E1100FAB9A3 = {
						CreatedOnToolsVersion = 16.0;
						TestTargetID = CD67403A2DBA3E0F00FAB9A3;
					};
					CD6740542DBA3E1100FAB9A3 = {
						CreatedOnToolsVersion = 16.0;
						TestTargetID = CD67403A2DBA3E0F00FAB9A3;
					};
				};
			};
			buildConfigurationList = CD6740362DBA3E0F00FAB9A3 /* Build configuration list for PBXProject "RahulDemo2" */;
			developmentRegion = en;
			hasScannedForEncodings = 0;
			knownRegions = (
				en,
				Base,
			);
			mainGroup = CD6740322DBA3E0F00FAB9A3;
			minimizedProjectReferenceProxies = 1;
			preferredProjectObjectVersion = 77;
			productRefGroup = CD67403C2DBA3E0F00FAB9A3 /* Products */;
			projectDirPath = "";
			projectRoot = "";
			targets = (
				CD67403A2DBA3E0F00FAB9A3 /* RahulDemo2 */,
				CD67404A2DBA3E1100FAB9A3 /* RahulDemo2Tests */,
				CD6740542DBA3E1100FAB9A3 /* RahulDemo2UITests */,
			);
		};
/* End PBXProject section */

/* Begin PBXResourcesBuildPhase section */
		CD6740392DBA3E0F00FAB9A3 /* Resources */ = {
			isa = PBXResourcesBuildPhase;
			buildActionMask = 2147483647;
			files = (
			);
			runOnlyForDeploymentPostprocessing = 0;
		};
		CD6740492DBA3E1100FAB9A3 /* Resources */ = {
			isa = PBXResourcesBuildPhase;
			buildActionMask = 2147483647;
			files = (
			);
			runOnlyForDeploymentPostprocessing = 0;
		};
		CD6740532DBA3E1100FAB9A3 /* Resources */ = {
			isa = PBXResourcesBuildPhase;
			buildActionMask = 2147483647;
			files = (
			);
			runOnlyForDeploymentPostprocessing = 0;
		};
/* End PBXResourcesBuildPhase section */

/* Begin PBXSourcesBuildPhase section */
		CD6740372DBA3E0F00FAB9A3 /* Sources */ = {
			isa = PBXSourcesBuildPhase;
			buildActionMask = 2147483647;
			files = (
			);
			runOnlyForDeploymentPostprocessing = 0;
		};
		CD6740472DBA3E1100FAB9A3 /* Sources */ = {
			isa = PBXSourcesBuildPhase;
			buildActionMask = 2147483647;
			files = (
			);
			runOnlyForDeploymentPostprocessing = 0;
		};
		CD6740512DBA3E1100FAB9A3 /* Sources */ = {
			isa = PBXSourcesBuildPhase;
			buildActionMask = 2147483647;
			files = (
			);
			runOnlyForDeploymentPostprocessing = 0;
		};
/* End PBXSourcesBuildPhase section */

/* Begin PBXTargetDependency section */
		CD67404D2DBA3E1100FAB9A3 /* PBXTargetDependency */ = {
			isa = PBXTargetDependency;
			target = CD67403A2DBA3E0F00FAB9A3 /* RahulDemo2 */;
			targetProxy = CD67404C2DBA3E1100FAB9A3 /* PBXContainerItemProxy */;
		};
		CD6740572DBA3E1100FAB9A3 /* PBXTargetDependency */ = {
			isa = PBXTargetDependency;
			target = CD67403A2DBA3E0F00FAB9A3 /* RahulDemo2 */;
			targetProxy = CD6740562DBA3E1100FAB9A3 /* PBXContainerItemProxy */;
		};
/* End PBXTargetDependency section */

/* Begin XCBuildConfiguration section */
		CD67405D2DBA3E1100FAB9A3 /* Debug */ = {
			isa = XCBuildConfiguration;
			buildSettings = {
				ALWAYS_SEARCH_USER_PATHS = NO;
				ASSETCATALOG_COMPILER_GENERATE_SWIFT_ASSET_SYMBOL_EXTENSIONS = YES;
				CLANG_ANALYZER_NONNULL = YES;
				CLANG_ANALYZER_NUMBER_OBJECT_CONVERSION = YES_AGGRESSIVE;
				CLANG_CXX_LANGUAGE_STANDARD = "gnu++20";
				CLANG_ENABLE_MODULES = YES;
				CLANG_ENABLE_OBJC_ARC = YES;
				CLANG_ENABLE_OBJC_WEAK = YES;
				CLANG_WARN_BLOCK_CAPTURE_AUTORELEASING = YES;
				CLANG_WARN_BOOL_CONVERSION = YES;
				CLANG_WARN_COMMA = YES;
				CLANG_WARN_CONSTANT_CONVERSION = YES;
				CLANG_WARN_DEPRECATED_OBJC_IMPLEMENTATIONS = YES;
				CLANG_WARN_DIRECT_OBJC_ISA_USAGE = YES_ERROR;
				CLANG_WARN_DOCUMENTATION_COMMENTS = YES;
				CLANG_WARN_EMPTY_BODY = YES;
				CLANG_WARN_ENUM_CONVERSION = YES;
				CLANG_WARN_INFINITE_RECURSION = YES;
				CLANG_WARN_INT_CONVERSION = YES;
				CLANG_WARN_NON_LITERAL_NULL_CONVERSION = YES;
				CLANG_WARN_OBJC_IMPLICIT_RETAIN_SELF = YES;
				CLANG_WARN_OBJC_LITERAL_CONVERSION = YES;
				CLANG_WARN_OBJC_ROOT_CLASS = YES_ERROR;
				CLANG_WARN_QUOTED_INCLUDE_IN_FRAMEWORK_HEADER = YES;
				CLANG_WARN_RANGE_LOOP_ANALYSIS = YES;
				CLANG_WARN_STRICT_PROTOTYPES = YES;
				CLANG_WARN_SUSPICIOUS_MOVE = YES;
				CLANG_WARN_UNGUARDED_AVAILABILITY = YES_AGGRESSIVE;
				CLANG_WARN_UNREACHABLE_CODE = YES;
				CLANG_WARN__DUPLICATE_METHOD_MATCH = YES;
				COPY_PHASE_STRIP = NO;
				DEBUG_INFORMATION_FORMAT = dwarf;
				ENABLE_STRICT_OBJC_MSGSEND = YES;
				ENABLE_TESTABILITY = YES;
				ENABLE_USER_SCRIPT_SANDBOXING = YES;
				GCC_C_LANGUAGE_STANDARD = gnu17;
				GCC_DYNAMIC_NO_PIC = NO;
				GCC_NO_COMMON_BLOCKS = YES;
				GCC_OPTIMIZATION_LEVEL = 0;
				GCC_PREPROCESSOR_DEFINITIONS = (
					"DEBUG=1",
					"$(inherited)",
				);
				GCC_WARN_64_TO_32_BIT_CONVERSION = YES;
				GCC_WARN_ABOUT_RETURN_TYPE = YES_ERROR;
				GCC_WARN_UNDECLARED_SELECTOR = YES;
				GCC_WARN_UNINITIALIZED_AUTOS = YES_AGGRESSIVE;
				GCC_WARN_UNUSED_FUNCTION = YES;
				GCC_WARN_UNUSED_VARIABLE = YES;
				IPHONEOS_DEPLOYMENT_TARGET = 18.0;
				LOCALIZATION_PREFERS_STRING_CATALOGS = YES;
				MTL_ENABLE_DEBUG_INFO = INCLUDE_SOURCE;
				MTL_FAST_MATH = YES;
				ONLY_ACTIVE_ARCH = YES;
				SDKROOT = iphoneos;
				SWIFT_ACTIVE_COMPILATION_CONDITIONS = "DEBUG $(inherited)";
				SWIFT_OPTIMIZATION_LEVEL = "-Onone";
			};
			name = Debug;
		};
		CD67405E2DBA3E1100FAB9A3 /* Release */ = {
			isa = XCBuildConfiguration;
			buildSettings = {
				ALWAYS_SEARCH_USER_PATHS = NO;
				ASSETCATALOG_COMPILER_GENERATE_SWIFT_ASSET_SYMBOL_EXTENSIONS = YES;
				CLANG_ANALYZER_NONNULL = YES;
				CLANG_ANALYZER_NUMBER_OBJECT_CONVERSION = YES_AGGRESSIVE;
				CLANG_CXX_LANGUAGE_STANDARD = "gnu++20";
				CLANG_ENABLE_MODULES = YES;
				CLANG_ENABLE_OBJC_ARC = YES;
				CLANG_ENABLE_OBJC_WEAK = YES;
				CLANG_WARN_BLOCK_CAPTURE_AUTORELEASING = YES;
				CLANG_WARN_BOOL_CONVERSION = YES;
				CLANG_WARN_COMMA = YES;
				CLANG_WARN_CONSTANT_CONVERSION = YES;
				CLANG_WARN_DEPRECATED_OBJC_IMPLEMENTATIONS = YES;
				CLANG_WARN_DIRECT_OBJC_ISA_USAGE = YES_ERROR;
				CLANG_WARN_DOCUMENTATION_COMMENTS = YES;
				CLANG_WARN_EMPTY_BODY = YES;
				CLANG_WARN_ENUM_CONVERSION = YES;
				CLANG_WARN_INFINITE_RECURSION = YES;
				CLANG_WARN_INT_CONVERSION = YES;
				CLANG_WARN_NON_LITERAL_NULL_CONVERSION = YES;
				CLANG_WARN_OBJC_IMPLICIT_RETAIN_SELF = YES;
				CLANG_WARN_OBJC_LITERAL_CONVERSION = YES;
				CLANG_WARN_OBJC_ROOT_CLASS = YES_ERROR;
				CLANG_WARN_QUOTED_INCLUDE_IN_FRAMEWORK_HEADER = YES;
				CLANG_WARN_RANGE_LOOP_ANALYSIS = YES;
				CLANG_WARN_STRICT_PROTOTYPES = YES;
				CLANG_WARN_SUSPICIOUS_MOVE = YES;
				CLANG_WARN_UNGUARDED_AVAILABILITY = YES_AGGRESSIVE;
				CLANG_WARN_UNREACHABLE_CODE = YES;
				CLANG_WARN__DUPLICATE_METHOD_MATCH = YES;
				COPY_PHASE_STRIP = NO;
				DEBUG_INFORMATION_FORMAT = "dwarf-with-dsym";
				ENABLE_NS_ASSERTIONS = NO;
				ENABLE_STRICT_OBJC_MSGSEND = YES;
				ENABLE_USER_SCRIPT_SANDBOXING = YES;
				GCC_C_LANGUAGE_STANDARD = gnu17;
				GCC_NO_COMMON_BLOCKS = YES;
				GCC_WARN_64_TO_32_BIT_CONVERSION = YES;
				GCC_WARN_ABOUT_RETURN_TYPE = YES_ERROR;
				GCC_WARN_UNDECLARED_SELECTOR = YES;
				GCC_WARN_UNINITIALIZED_AUTOS = YES_AGGRESSIVE;
				GCC_WARN_UNUSED_FUNCTION = YES;
				GCC_WARN_UNUSED_VARIABLE = YES;
				IPHONEOS_DEPLOYMENT_TARGET = 18.0;
				LOCALIZATION_PREFERS_STRING_CATALOGS = YES;
				MTL_ENABLE_DEBUG_INFO = NO;
				MTL_FAST_MATH = YES;
				SDKROOT = iphoneos;
				SWIFT_COMPILATION_MODE = wholemodule;
				VALIDATE_PRODUCT = YES;
			};
			name = Release;
		};
		CD6740602DBA3E1100FAB9A3 /* Debug */ = {
			isa = XCBuildConfiguration;
			buildSettings = {
				ASSETCATALOG_COMPILER_APPICON_NAME = AppIcon;
				ASSETCATALOG_COMPILER_GLOBAL_ACCENT_COLOR_NAME = AccentColor;
				CODE_SIGN_STYLE = Automatic;
				CURRENT_PROJECT_VERSION = 1;
				DEVELOPMENT_ASSET_PATHS = "\"RahulDemo2/Preview Content\"";
				DEVELOPMENT_TEAM = 62DMBCG3SA;
				ENABLE_PREVIEWS = YES;
				GENERATE_INFOPLIST_FILE = YES;
				INFOPLIST_KEY_UIApplicationSceneManifest_Generation = YES;
				INFOPLIST_KEY_UIApplicationSupportsIndirectInputEvents = YES;
				INFOPLIST_KEY_UILaunchScreen_Generation = YES;
				INFOPLIST_KEY_UISupportedInterfaceOrientations_iPad = "UIInterfaceOrientationPortrait UIInterfaceOrientationPortraitUpsideDown UIInterfaceOrientationLandscapeLeft UIInterfaceOrientationLandscapeRight";
				INFOPLIST_KEY_UISupportedInterfaceOrientations_iPhone = "UIInterfaceOrientationPortrait UIInterfaceOrientationLandscapeLeft UIInterfaceOrientationLandscapeRight";
				IPHONEOS_DEPLOYMENT_TARGET = 16.0;
				LD_RUNPATH_SEARCH_PATHS = (
					"$(inherited)",
					"@executable_path/Frameworks",
				);
				MARKETING_VERSION = 1.0;
				PRODUCT_BUNDLE_IDENTIFIER = dev.demo.RahulDemo2;
				PRODUCT_NAME = "$(TARGET_NAME)";
				SWIFT_EMIT_LOC_STRINGS = YES;
				SWIFT_VERSION = 5.0;
				TARGETED_DEVICE_FAMILY = "1,2";
			};
			name = Debug;
		};
		CD6740612DBA3E1100FAB9A3 /* Release */ = {
			isa = XCBuildConfiguration;
			buildSettings = {
				ASSETCATALOG_COMPILER_APPICON_NAME = AppIcon;
				ASSETCATALOG_COMPILER_GLOBAL_ACCENT_COLOR_NAME = AccentColor;
				CODE_SIGN_STYLE = Automatic;
				CURRENT_PROJECT_VERSION = 1;
				DEVELOPMENT_ASSET_PATHS = "\"RahulDemo2/Preview Content\"";
				DEVELOPMENT_TEAM = 62DMBCG3SA;
				ENABLE_PREVIEWS = YES;
				GENERATE_INFOPLIST_FILE = YES;
				INFOPLIST_KEY_UIApplicationSceneManifest_Generation = YES;
				INFOPLIST_KEY_UIApplicationSupportsIndirectInputEvents = YES;
				INFOPLIST_KEY_UILaunchScreen_Generation = YES;
				INFOPLIST_KEY_UISupportedInterfaceOrientations_iPad = "UIInterfaceOrientationPortrait UIInterfaceOrientationPortraitUpsideDown UIInterfaceOrientationLandscapeLeft UIInterfaceOrientationLandscapeRight";
				INFOPLIST_KEY_UISupportedInterfaceOrientations_iPhone = "UIInterfaceOrientationPortrait UIInterfaceOrientationLandscapeLeft UIInterfaceOrientationLandscapeRight";
				IPHONEOS_DEPLOYMENT_TARGET = 16.0;
				LD_RUNPATH_SEARCH_PATHS = (
					"$(inherited)",
					"@executable_path/Frameworks",
				);
				MARKETING_VERSION = 1.0;
				PRODUCT_BUNDLE_IDENTIFIER = dev.demo.RahulDemo2;
				PRODUCT_NAME = "$(TARGET_NAME)";
				SWIFT_EMIT_LOC_STRINGS = YES;
				SWIFT_VERSION = 5.0;
				TARGETED_DEVICE_FAMILY = "1,2";
			};
			name = Release;
		};
		CD6740632DBA3E1100FAB9A3 /* Debug */ = {
			isa = XCBuildConfiguration;
			buildSettings = {
				BUNDLE_LOADER = "$(TEST_HOST)";
				CODE_SIGN_STYLE = Automatic;
				CURRENT_PROJECT_VERSION = 1;
				DEVELOPMENT_TEAM = 62DMBCG3SA;
				GENERATE_INFOPLIST_FILE = YES;
				IPHONEOS_DEPLOYMENT_TARGET = 18.0;
				MARKETING_VERSION = 1.0;
				PRODUCT_BUNDLE_IDENTIFIER = dev.demo.RahulDemo2Tests;
				PRODUCT_NAME = "$(TARGET_NAME)";
				SWIFT_EMIT_LOC_STRINGS = NO;
				SWIFT_VERSION = 5.0;
				TARGETED_DEVICE_FAMILY = "1,2";
				TEST_HOST = "$(BUILT_PRODUCTS_DIR)/RahulDemo2.app/$(BUNDLE_EXECUTABLE_FOLDER_PATH)/RahulDemo2";
			};
			name = Debug;
		};
		CD6740642DBA3E1100FAB9A3 /* Release */ = {
			isa = XCBuildConfiguration;
			buildSettings = {
				BUNDLE_LOADER = "$(TEST_HOST)";
				CODE_SIGN_STYLE = Automatic;
				CURRENT_PROJECT_VERSION = 1;
				DEVELOPMENT_TEAM = 62DMBCG3SA;
				GENERATE_INFOPLIST_FILE = YES;
				IPHONEOS_DEPLOYMENT_TARGET = 18.0;
				MARKETING_VERSION = 1.0;
				PRODUCT_BUNDLE_IDENTIFIER = dev.demo.RahulDemo2Tests;
				PRODUCT_NAME = "$(TARGET_NAME)";
				SWIFT_EMIT_LOC_STRINGS = NO;
				SWIFT_VERSION = 5.0;
				TARGETED_DEVICE_FAMILY = "1,2";
				TEST_HOST = "$(BUILT_PRODUCTS_DIR)/RahulDemo2.app/$(BUNDLE_EXECUTABLE_FOLDER_PATH)/RahulDemo2";
			};
			name = Release;
		};
		CD6740662DBA3E1100FAB9A3 /* Debug */ = {
			isa = XCBuildConfiguration;
			buildSettings = {
				CODE_SIGN_STYLE = Automatic;
				CURRENT_PROJECT_VERSION = 1;
				DEVELOPMENT_TEAM = 62DMBCG3SA;
				GENERATE_INFOPLIST_FILE = YES;
				MARKETING_VERSION = 1.0;
				PRODUCT_BUNDLE_IDENTIFIER = dev.demo.RahulDemo2UITests;
				PRODUCT_NAME = "$(TARGET_NAME)";
				SWIFT_EMIT_LOC_STRINGS = NO;
				SWIFT_VERSION = 5.0;
				TARGETED_DEVICE_FAMILY = "1,2";
				TEST_TARGET_NAME = RahulDemo2;
			};
			name = Debug;
		};
		CD6740672DBA3E1100FAB9A3 /* Release */ = {
			isa = XCBuildConfiguration;
			buildSettings = {
				CODE_SIGN_STYLE = Automatic;
				CURRENT_PROJECT_VERSION = 1;
				DEVELOPMENT_TEAM = 62DMBCG3SA;
				GENERATE_INFOPLIST_FILE = YES;
				MARKETING_VERSION = 1.0;
				PRODUCT_BUNDLE_IDENTIFIER = dev.demo.RahulDemo2UITests;
				PRODUCT_NAME = "$(TARGET_NAME)";
				SWIFT_EMIT_LOC_STRINGS = NO;
				SWIFT_VERSION = 5.0;
				TARGETED_DEVICE_FAMILY = "1,2";
				TEST_TARGET_NAME = RahulDemo2;
			};
			name = Release;
		};
/* End XCBuildConfiguration section */

/* Begin XCConfigurationList section */
		CD6740362DBA3E0F00FAB9A3 /* Build configuration list for PBXProject "RahulDemo2" */ = {
			isa = XCConfigurationList;
			buildConfigurations = (
				CD67405D2DBA3E1100FAB9A3 /* Debug */,
				CD67405E2DBA3E1100FAB9A3 /* Release */,
			);
			defaultConfigurationIsVisible = 0;
			defaultConfigurationName = Release;
		};
		CD67405F2DBA3E1100FAB9A3 /* Build configuration list for PBXNativeTarget "RahulDemo2" */ = {
			isa = XCConfigurationList;
			buildConfigurations = (
				CD6740602DBA3E1100FAB9A3 /* Debug */,
				CD6740612DBA3E1100FAB9A3 /* Release */,
			);
			defaultConfigurationIsVisible = 0;
			defaultConfigurationName = Release;
		};
		CD6740622DBA3E1100FAB9A3 /* Build configuration list for PBXNativeTarget "RahulDemo2Tests" */ = {
			isa = XCConfigurationList;
			buildConfigurations = (
				CD6740632DBA3E1100FAB9A3 /* Debug */,
				CD6740642DBA3E1100FAB9A3 /* Release */,
			);
			defaultConfigurationIsVisible = 0;
			defaultConfigurationName = Release;
		};
		CD6740652DBA3E1100FAB9A3 /* Build configuration list for PBXNativeTarget "RahulDemo2UITests" */ = {
			isa = XCConfigurationList;
			buildConfigurations = (
				CD6740662DBA3E1100FAB9A3 /* Debug */,
				CD6740672DBA3E1100FAB9A3 /* Release */,
			);
			defaultConfigurationIsVisible = 0;
			defaultConfigurationName = Release;
		};
/* End XCConfigurationList section */
	};
	rootObject = CD6740332DBA3E0F00FAB9A3 /* Project object */;
}
